
Microsoft Visual Studio Solution File, Format Version 12.00
# Visual Studio Version 17
VisualStudioVersion = 17.3.32819.101
MinimumVisualStudioVersion = 10.0.40219.1
Project("{FAE04EC0-301F-11D3-BF4B-00C04F79EFBC}") = "Hanoi", "Hanoi\Hanoi.csproj", "{3C3FBBA2-EB98-498A-88FE-1F071068F32B}"
EndProject
Global
	GlobalSection(SolutionConfigurationPlatforms) = preSolution
		Debug|Any CPU = Debug|Any CPU
		Release|Any CPU = Release|Any CPU
	EndGlobalSection
	GlobalSection(ProjectConfigurationPlatforms) = postSolution
		{3C3FBBA2-EB98-498A-88FE-1F071068F32B}.Debug|Any CPU.ActiveCfg = Debug|Any CPU
		{3C3FBBA2-EB98-498A-88FE-1F071068F32B}.Debug|Any CPU.Build.0 = Debug|Any CPU
		{3C3FBBA2-EB98-498A-88FE-1F071068F32B}.Release|Any CPU.ActiveCfg = Release|Any CPU
		{3C3FBBA2-EB98-498A-88FE-1F071068F32B}.Release|Any CPU.Build.0 = Release|Any CPU
	EndGlobalSection
	GlobalSection(SolutionProperties) = preSolution
		HideSolutionNode = FALSE
	EndGlobalSection
	GlobalSection(ExtensibilityGlobals) = postSolution
		SolutionGuid = {420102D1-848E-4439-9CBF-5FA131AC0D5D}
	EndGlobalSection
EndGlobal
